
Microsoft Visual Studio Solution File, Format Version 12.00
# Visual Studio Version 17
VisualStudioVersion = 17.5.33414.496
MinimumVisualStudioVersion = 10.0.40219.1
Project("{9A19103F-16F7-4668-BE54-9A1E7A4F7556}") = "HotelListings.Api", "HotelListings.Api\HotelListings.Api.csproj", "{7629CD4E-3C79-47AF-8921-D7667A250CA7}"
EndProject
Project("{FAE04EC0-301F-11D3-BF4B-00C04F79EFBC}") = "HotelListing.API.Data", "HotelListing.Data\HotelListing.API.Data.csproj", "{28C697B6-5E57-4251-BB69-195D8A55619C}"
EndProject
Project("{FAE04EC0-301F-11D3-BF4B-00C04F79EFBC}") = "HotelListing.API.Core", "HotelListing.API.Core\HotelListing.API.Core.csproj", "{E0EA9BE4-9FE0-4776-B1B2-0E161C20810B}"
EndProject
Global
	GlobalSection(SolutionConfigurationPlatforms) = preSolution
		Debug|Any CPU = Debug|Any CPU
		Release|Any CPU = Release|Any CPU
	EndGlobalSection
	GlobalSection(ProjectConfigurationPlatforms) = postSolution
		{7629CD4E-3C79-47AF-8921-D7667A250CA7}.Debug|Any CPU.ActiveCfg = Debug|Any CPU
		{7629CD4E-3C79-47AF-8921-D7667A250CA7}.Debug|Any CPU.Build.0 = Debug|Any CPU
		{7629CD4E-3C79-47AF-8921-D7667A250CA7}.Release|Any CPU.ActiveCfg = Release|Any CPU
		{7629CD4E-3C79-47AF-8921-D7667A250CA7}.Release|Any CPU.Build.0 = Release|Any CPU
		{28C697B6-5E57-4251-BB69-195D8A55619C}.Debug|Any CPU.ActiveCfg = Debug|Any CPU
		{28C697B6-5E57-4251-BB69-195D8A55619C}.Debug|Any CPU.Build.0 = Debug|Any CPU
		{28C697B6-5E57-4251-BB69-195D8A55619C}.Release|Any CPU.ActiveCfg = Release|Any CPU
		{28C697B6-5E57-4251-BB69-195D8A55619C}.Release|Any CPU.Build.0 = Release|Any CPU
		{E0EA9BE4-9FE0-4776-B1B2-0E161C20810B}.Debug|Any CPU.ActiveCfg = Debug|Any CPU
		{E0EA9BE4-9FE0-4776-B1B2-0E161C20810B}.Debug|Any CPU.Build.0 = Debug|Any CPU
		{E0EA9BE4-9FE0-4776-B1B2-0E161C20810B}.Release|Any CPU.ActiveCfg = Release|Any CPU
		{E0EA9BE4-9FE0-4776-B1B2-0E161C20810B}.Release|Any CPU.Build.0 = Release|Any CPU
	EndGlobalSection
	GlobalSection(SolutionProperties) = preSolution
		HideSolutionNode = FALSE
	EndGlobalSection
	GlobalSection(ExtensibilityGlobals) = postSolution
		SolutionGuid = {EDA2711C-4158-4BB8-AB38-35A78775D694}
	EndGlobalSection
EndGlobal
